
Microsoft Visual Studio Solution File, Format Version 12.00
# Visual Studio 14
VisualStudioVersion = 14.0.23107.0
MinimumVisualStudioVersion = 10.0.40219.1
Project("{2150E333-8FDC-42A3-9474-1A3956D46DE8}") = "Business", "Business", "{58796564-E797-42A0-8F9C-8071F3147D3C}"
EndProject
Project("{2150E333-8FDC-42A3-9474-1A3956D46DE8}") = "Data", "Data", "{310120B3-0458-465D-B8C7-89E4A00D5614}"
EndProject
Project("{2150E333-8FDC-42A3-9474-1A3956D46DE8}") = "DTO", "DTO", "{49C1398E-04F2-4923-A08A-9C6E3C667550}"
EndProject
Project("{2150E333-8FDC-42A3-9474-1A3956D46DE8}") = "UI", "UI", "{4FEE4E5E-628A-40B0-B64F-42825301AF1A}"
EndProject
Project("{FAE04EC0-301F-11D3-BF4B-00C04F79EFBC}") = "HIS.PA.AC.PE.CF.UI", "UI\HIS.PA.AC.PE.CF.UI\HIS.PA.AC.PE.CF.UI.csproj", "{57B17BF1-0C4F-4CBF-9BA7-C1C9DC3336E1}"
EndProject
Project("{FAE04EC0-301F-11D3-BF4B-00C04F79EFBC}") = "HIS.PA.AC.PE.CF.DAC", "Data\HIS.PA.AC.PE.CF.DAC\HIS.PA.AC.PE.CF.DAC.csproj", "{5DFE3CFB-1761-40C9-8105-F1FB4CBC7A8F}"
EndProject
Project("{FAE04EC0-301F-11D3-BF4B-00C04F79EFBC}") = "HIS.PA.AC.PE.CF.BIZ", "Business\HIS.PA.AC.PE.CF.BIZ\HIS.PA.AC.PE.CF.BIZ.csproj", "{4D44D80A-6C30-441E-9E92-B582160EB94B}"
EndProject
Project("{FAE04EC0-301F-11D3-BF4B-00C04F79EFBC}") = "HIS.PA.AC.PE.AP.UI", "UI\HIS.PA.AC.PE.AP.UI\HIS.PA.AC.PE.AP.UI.csproj", "{1CD021FC-8A6F-4B17-AF95-E364FFC6B1F3}"
EndProject
Project("{FAE04EC0-301F-11D3-BF4B-00C04F79EFBC}") = "HIS.PA.AC.PE.CA.UI", "UI\HIS.PA.AC.PE.CA.UI\HIS.PA.AC.PE.CA.UI.csproj", "{FBCAC032-477A-4B69-8D98-9F48A22C1AFC}"
EndProject
Project("{FAE04EC0-301F-11D3-BF4B-00C04F79EFBC}") = "HIS.PA.AC.PE.PS.UI", "UI\HIS.PA.AC.PE.PS.UI\HIS.PA.AC.PE.PS.UI.csproj", "{D6923471-B254-4E52-876A-E2F60F975640}"
EndProject
Project("{FAE04EC0-301F-11D3-BF4B-00C04F79EFBC}") = "HIS.PA.AC.PE.SC.UI", "UI\HIS.PA.AC.PE.SC.UI\HIS.PA.AC.PE.SC.UI.csproj", "{B21550F5-95E7-4AA4-8098-08524BF3BDE3}"
EndProject
Project("{FAE04EC0-301F-11D3-BF4B-00C04F79EFBC}") = "HIS.PA.AC.PE.TE.UI", "UI\HIS.PA.AC.PE.TE.UI\HIS.PA.AC.PE.TE.UI.csproj", "{14F1234A-BBC1-4B07-80F9-1DC8ED6A2F4B}"
EndProject
Project("{FAE04EC0-301F-11D3-BF4B-00C04F79EFBC}") = "HIS.PA.AC.PE.WD.UI", "UI\HIS.PA.AC.PE.WD.UI\HIS.PA.AC.PE.WD.UI.csproj", "{651A9A34-565A-4EAF-9B4C-70CD81857EE3}"
EndProject
Project("{FAE04EC0-301F-11D3-BF4B-00C04F79EFBC}") = "HIS.PA.AC.PE.AP.DAC", "Data\HIS.PA.AC.PE.AP.DAC\HIS.PA.AC.PE.AP.DAC.csproj", "{B9037489-FE31-494E-A46E-E827FD52BF42}"
EndProject
Project("{FAE04EC0-301F-11D3-BF4B-00C04F79EFBC}") = "HIS.PA.AC.PE.CA.DAC", "Data\HIS.PA.AC.PE.CA.DAC\HIS.PA.AC.PE.CA.DAC.csproj", "{08E317B1-379A-47FA-86CA-44ED432CDE85}"
EndProject
Project("{FAE04EC0-301F-11D3-BF4B-00C04F79EFBC}") = "HIS.PA.AC.PE.PS.DAC", "Data\HIS.PA.AC.PE.PS.DAC\HIS.PA.AC.PE.PS.DAC.csproj", "{AC3BE465-6052-4A70-9436-36C259D659BD}"
EndProject
Project("{FAE04EC0-301F-11D3-BF4B-00C04F79EFBC}") = "HIS.PA.AC.PE.SC.DAC", "Data\HIS.PA.AC.PE.SC.DAC\HIS.PA.AC.PE.SC.DAC.csproj", "{71A30A7C-1BA4-435C-9352-15FCD6B6F137}"
EndProject
Project("{FAE04EC0-301F-11D3-BF4B-00C04F79EFBC}") = "HIS.PA.AC.PE.TE.DAC", "Data\HIS.PA.AC.PE.TE.DAC\HIS.PA.AC.PE.TE.DAC.csproj", "{D862C46D-40C3-4CEA-9AA1-75522F8274B8}"
EndProject
Project("{FAE04EC0-301F-11D3-BF4B-00C04F79EFBC}") = "HIS.PA.AC.PE.WD.DAC", "Data\HIS.PA.AC.PE.WD.DAC\HIS.PA.AC.PE.WD.DAC.csproj", "{2AC67D04-C0D6-4A65-B602-D54B4A9C4CA7}"
EndProject
Project("{FAE04EC0-301F-11D3-BF4B-00C04F79EFBC}") = "HIS.PA.AC.PE.AP.BIZ", "Business\HIS.PA.AC.PE.AP.BIZ\HIS.PA.AC.PE.AP.BIZ.csproj", "{F9E104BC-19D4-490E-9F63-A86F0B9304EF}"
EndProject
Project("{FAE04EC0-301F-11D3-BF4B-00C04F79EFBC}") = "HIS.PA.AC.PE.CA.BIZ", "Business\HIS.PA.AC.PE.CA.BIZ\HIS.PA.AC.PE.CA.BIZ.csproj", "{2FE3A34F-5089-4667-A5C7-4129634E0CB3}"
EndProject
Project("{FAE04EC0-301F-11D3-BF4B-00C04F79EFBC}") = "HIS.PA.AC.PE.PS.BIZ", "Business\HIS.PA.AC.PE.PS.BIZ\HIS.PA.AC.PE.PS.BIZ.csproj", "{68A66F28-14F0-48F3-8670-3117528A7752}"
EndProject
Project("{FAE04EC0-301F-11D3-BF4B-00C04F79EFBC}") = "HIS.PA.AC.PE.SC.BIZ", "Business\HIS.PA.AC.PE.SC.BIZ\HIS.PA.AC.PE.SC.BIZ.csproj", "{C076CE22-B828-4290-A42D-BB9849E8B4A1}"
EndProject
Project("{FAE04EC0-301F-11D3-BF4B-00C04F79EFBC}") = "HIS.PA.AC.PE.TE.BIZ", "Business\HIS.PA.AC.PE.TE.BIZ\HIS.PA.AC.PE.TE.BIZ.csproj", "{855042E6-B3AC-4CB2-95EF-5E320D1F5082}"
EndProject
Project("{FAE04EC0-301F-11D3-BF4B-00C04F79EFBC}") = "HIS.PA.AC.PE.WD.BIZ", "Business\HIS.PA.AC.PE.WD.BIZ\HIS.PA.AC.PE.WD.BIZ.csproj", "{E618F01B-EDC2-441A-99B6-9B3DEA4C3204}"
EndProject
Project("{FAE04EC0-301F-11D3-BF4B-00C04F79EFBC}") = "HIS.PA.AC.PE.AP.DTO", "DTO\HIS.PA.AC.PE.AP.DTO\HIS.PA.AC.PE.AP.DTO.csproj", "{1B0A1DCF-2049-4AFE-A13B-073D615B6442}"
EndProject
Project("{FAE04EC0-301F-11D3-BF4B-00C04F79EFBC}") = "HIS.PA.AC.PE.CA.DTO", "DTO\HIS.PA.AC.PE.CA.DTO\HIS.PA.AC.PE.CA.DTO.csproj", "{6C2FE45A-A890-46F6-BBFB-B97E49E52C7A}"
EndProject
Project("{FAE04EC0-301F-11D3-BF4B-00C04F79EFBC}") = "HIS.PA.AC.PE.CF.DTO", "DTO\HIS.PA.AC.PE.CF.DTO\HIS.PA.AC.PE.CF.DTO.csproj", "{E5B91826-4FBF-4C23-BDBB-5A71B1E780AE}"
EndProject
Project("{FAE04EC0-301F-11D3-BF4B-00C04F79EFBC}") = "HIS.PA.AC.PE.PS.DTO", "DTO\HIS.PA.AC.PE.PS.DTO\HIS.PA.AC.PE.PS.DTO.csproj", "{1CDE3BCC-CBEC-477A-A3C0-45AE3F035B9D}"
EndProject
Project("{FAE04EC0-301F-11D3-BF4B-00C04F79EFBC}") = "HIS.PA.AC.PE.SC.DTO", "DTO\HIS.PA.AC.PE.SC.DTO\HIS.PA.AC.PE.SC.DTO.csproj", "{D63E103F-4866-4DA8-AC74-E1F3400F290A}"
EndProject
Project("{FAE04EC0-301F-11D3-BF4B-00C04F79EFBC}") = "HIS.PA.AC.PE.WD.DTO", "DTO\HIS.PA.AC.PE.WD.DTO\HIS.PA.AC.PE.WD.DTO.csproj", "{6D1B8406-D6A4-422E-B55F-30A76EC0424C}"
EndProject
Project("{FAE04EC0-301F-11D3-BF4B-00C04F79EFBC}") = "HIS.PA.AC.PE.TE.DTO", "DTO\HIS.PA.AC.PE.TE.DTO\HIS.PA.AC.PE.TE.DTO.csproj", "{136F6960-FBF3-4214-AD4C-2252BBC2C7B9}"
EndProject
Project("{FAE04EC0-301F-11D3-BF4B-00C04F79EFBC}") = "HIS.PA.AC.PE.Main.UI", "HIS.PA.AC.PE.Main.UI\HIS.PA.AC.PE.Main.UI.csproj", "{11C55B5F-C05E-4A2B-816A-4E5231712A57}"
EndProject
Project("{FAE04EC0-301F-11D3-BF4B-00C04F79EFBC}") = "ElectronicDisplay", "ElectronicDisplay\ElectronicDisplay.csproj", "{CEC05EC2-1320-476B-BB88-BAF89FE21378}"
EndProject
Project("{FAE04EC0-301F-11D3-BF4B-00C04F79EFBC}") = "SelectElectronicDisplay_ARM", "SelectElectronicDisplay_ARM\SelectElectronicDisplay_ARM.csproj", "{B36769E5-EF79-437C-B484-77471F44A8D3}"
EndProject
Project("{FAE04EC0-301F-11D3-BF4B-00C04F79EFBC}") = "SelectElectronicDisplay_CHL", "SelectElectronicDisplay_CHL\SelectElectronicDisplay_CHL.csproj", "{C12C9ADE-07E1-4AED-8D7F-AC6BD37C9943}"
EndProject
Project("{FAE04EC0-301F-11D3-BF4B-00C04F79EFBC}") = "SelectElectronicDisplay_TNN", "SelectElectronicDisplay_TNN\SelectElectronicDisplay_TNN.csproj", "{072FB9A7-1FD5-401C-969B-37DAFDCF10C2}"
EndProject
Project("{FAE04EC0-301F-11D3-BF4B-00C04F79EFBC}") = "SelectElectronicDisplay_OTS", "SelectElectronicDisplay_OTS\SelectElectronicDisplay_OTS.csproj", "{06987996-93AA-425A-B389-D9E036DE5FF3}"
EndProject
Project("{FAE04EC0-301F-11D3-BF4B-00C04F79EFBC}") = "SelectElectronicDisplay_MAIN", "SelectElectronicDisplay_MAIN\SelectElectronicDisplay_MAIN.csproj", "{082BE38C-8E3E-403F-9534-3EDD4564015D}"
EndProject
Project("{FAE04EC0-301F-11D3-BF4B-00C04F79EFBC}") = "HIS.AC.REFER", "HIS.AC.REFER\HIS.AC.REFER.csproj", "{A1BFDDEC-2D46-4159-A8AC-AB955EDC62E5}"
EndProject
Global
	GlobalSection(SolutionConfigurationPlatforms) = preSolution
		Debug|Any CPU = Debug|Any CPU
		Release|Any CPU = Release|Any CPU
	EndGlobalSection
	GlobalSection(ProjectConfigurationPlatforms) = postSolution
		{57B17BF1-0C4F-4CBF-9BA7-C1C9DC3336E1}.Debug|Any CPU.ActiveCfg = Debug|Any CPU
		{57B17BF1-0C4F-4CBF-9BA7-C1C9DC3336E1}.Debug|Any CPU.Build.0 = Debug|Any CPU
		{57B17BF1-0C4F-4CBF-9BA7-C1C9DC3336E1}.Release|Any CPU.ActiveCfg = Release|Any CPU
		{57B17BF1-0C4F-4CBF-9BA7-C1C9DC3336E1}.Release|Any CPU.Build.0 = Release|Any CPU
		{5DFE3CFB-1761-40C9-8105-F1FB4CBC7A8F}.Debug|Any CPU.ActiveCfg = Debug|Any CPU
		{5DFE3CFB-1761-40C9-8105-F1FB4CBC7A8F}.Debug|Any CPU.Build.0 = Debug|Any CPU
		{5DFE3CFB-1761-40C9-8105-F1FB4CBC7A8F}.Release|Any CPU.ActiveCfg = Release|Any CPU
		{5DFE3CFB-1761-40C9-8105-F1FB4CBC7A8F}.Release|Any CPU.Build.0 = Release|Any CPU
		{4D44D80A-6C30-441E-9E92-B582160EB94B}.Debug|Any CPU.ActiveCfg = Debug|Any CPU
		{4D44D80A-6C30-441E-9E92-B582160EB94B}.Debug|Any CPU.Build.0 = Debug|Any CPU
		{4D44D80A-6C30-441E-9E92-B582160EB94B}.Release|Any CPU.ActiveCfg = Release|Any CPU
		{4D44D80A-6C30-441E-9E92-B582160EB94B}.Release|Any CPU.Build.0 = Release|Any CPU
		{1CD021FC-8A6F-4B17-AF95-E364FFC6B1F3}.Debug|Any CPU.ActiveCfg = Debug|Any CPU
		{1CD021FC-8A6F-4B17-AF95-E364FFC6B1F3}.Debug|Any CPU.Build.0 = Debug|Any CPU
		{1CD021FC-8A6F-4B17-AF95-E364FFC6B1F3}.Release|Any CPU.ActiveCfg = Release|Any CPU
		{1CD021FC-8A6F-4B17-AF95-E364FFC6B1F3}.Release|Any CPU.Build.0 = Release|Any CPU
		{FBCAC032-477A-4B69-8D98-9F48A22C1AFC}.Debug|Any CPU.ActiveCfg = Debug|Any CPU
		{FBCAC032-477A-4B69-8D98-9F48A22C1AFC}.Debug|Any CPU.Build.0 = Debug|Any CPU
		{FBCAC032-477A-4B69-8D98-9F48A22C1AFC}.Release|Any CPU.ActiveCfg = Release|Any CPU
		{FBCAC032-477A-4B69-8D98-9F48A22C1AFC}.Release|Any CPU.Build.0 = Release|Any CPU
		{D6923471-B254-4E52-876A-E2F60F975640}.Debug|Any CPU.ActiveCfg = Debug|Any CPU
		{D6923471-B254-4E52-876A-E2F60F975640}.Debug|Any CPU.Build.0 = Debug|Any CPU
		{D6923471-B254-4E52-876A-E2F60F975640}.Release|Any CPU.ActiveCfg = Release|Any CPU
		{D6923471-B254-4E52-876A-E2F60F975640}.Release|Any CPU.Build.0 = Release|Any CPU
		{B21550F5-95E7-4AA4-8098-08524BF3BDE3}.Debug|Any CPU.ActiveCfg = Debug|Any CPU
		{B21550F5-95E7-4AA4-8098-08524BF3BDE3}.Debug|Any CPU.Build.0 = Debug|Any CPU
		{B21550F5-95E7-4AA4-8098-08524BF3BDE3}.Release|Any CPU.ActiveCfg = Release|Any CPU
		{B21550F5-95E7-4AA4-8098-08524BF3BDE3}.Release|Any CPU.Build.0 = Release|Any CPU
		{14F1234A-BBC1-4B07-80F9-1DC8ED6A2F4B}.Debug|Any CPU.ActiveCfg = Debug|Any CPU
		{14F1234A-BBC1-4B07-80F9-1DC8ED6A2F4B}.Debug|Any CPU.Build.0 = Debug|Any CPU
		{14F1234A-BBC1-4B07-80F9-1DC8ED6A2F4B}.Release|Any CPU.ActiveCfg = Release|Any CPU
		{14F1234A-BBC1-4B07-80F9-1DC8ED6A2F4B}.Release|Any CPU.Build.0 = Release|Any CPU
		{651A9A34-565A-4EAF-9B4C-70CD81857EE3}.Debug|Any CPU.ActiveCfg = Debug|Any CPU
		{651A9A34-565A-4EAF-9B4C-70CD81857EE3}.Debug|Any CPU.Build.0 = Debug|Any CPU
		{651A9A34-565A-4EAF-9B4C-70CD81857EE3}.Release|Any CPU.ActiveCfg = Release|Any CPU
		{651A9A34-565A-4EAF-9B4C-70CD81857EE3}.Release|Any CPU.Build.0 = Release|Any CPU
		{B9037489-FE31-494E-A46E-E827FD52BF42}.Debug|Any CPU.ActiveCfg = Debug|Any CPU
		{B9037489-FE31-494E-A46E-E827FD52BF42}.Debug|Any CPU.Build.0 = Debug|Any CPU
		{B9037489-FE31-494E-A46E-E827FD52BF42}.Release|Any CPU.ActiveCfg = Release|Any CPU
		{B9037489-FE31-494E-A46E-E827FD52BF42}.Release|Any CPU.Build.0 = Release|Any CPU
		{08E317B1-379A-47FA-86CA-44ED432CDE85}.Debug|Any CPU.ActiveCfg = Debug|Any CPU
		{08E317B1-379A-47FA-86CA-44ED432CDE85}.Debug|Any CPU.Build.0 = Debug|Any CPU
		{08E317B1-379A-47FA-86CA-44ED432CDE85}.Release|Any CPU.ActiveCfg = Release|Any CPU
		{08E317B1-379A-47FA-86CA-44ED432CDE85}.Release|Any CPU.Build.0 = Release|Any CPU
		{AC3BE465-6052-4A70-9436-36C259D659BD}.Debug|Any CPU.ActiveCfg = Debug|Any CPU
		{AC3BE465-6052-4A70-9436-36C259D659BD}.Debug|Any CPU.Build.0 = Debug|Any CPU
		{AC3BE465-6052-4A70-9436-36C259D659BD}.Release|Any CPU.ActiveCfg = Release|Any CPU
		{AC3BE465-6052-4A70-9436-36C259D659BD}.Release|Any CPU.Build.0 = Release|Any CPU
		{71A30A7C-1BA4-435C-9352-15FCD6B6F137}.Debug|Any CPU.ActiveCfg = Debug|Any CPU
		{71A30A7C-1BA4-435C-9352-15FCD6B6F137}.Debug|Any CPU.Build.0 = Debug|Any CPU
		{71A30A7C-1BA4-435C-9352-15FCD6B6F137}.Release|Any CPU.ActiveCfg = Release|Any CPU
		{71A30A7C-1BA4-435C-9352-15FCD6B6F137}.Release|Any CPU.Build.0 = Release|Any CPU
		{D862C46D-40C3-4CEA-9AA1-75522F8274B8}.Debug|Any CPU.ActiveCfg = Debug|Any CPU
		{D862C46D-40C3-4CEA-9AA1-75522F8274B8}.Debug|Any CPU.Build.0 = Debug|Any CPU
		{D862C46D-40C3-4CEA-9AA1-75522F8274B8}.Release|Any CPU.ActiveCfg = Release|Any CPU
		{D862C46D-40C3-4CEA-9AA1-75522F8274B8}.Release|Any CPU.Build.0 = Release|Any CPU
		{2AC67D04-C0D6-4A65-B602-D54B4A9C4CA7}.Debug|Any CPU.ActiveCfg = Debug|Any CPU
		{2AC67D04-C0D6-4A65-B602-D54B4A9C4CA7}.Debug|Any CPU.Build.0 = Debug|Any CPU
		{2AC67D04-C0D6-4A65-B602-D54B4A9C4CA7}.Release|Any CPU.ActiveCfg = Release|Any CPU
		{2AC67D04-C0D6-4A65-B602-D54B4A9C4CA7}.Release|Any CPU.Build.0 = Release|Any CPU
		{F9E104BC-19D4-490E-9F63-A86F0B9304EF}.Debug|Any CPU.ActiveCfg = Debug|Any CPU
		{F9E104BC-19D4-490E-9F63-A86F0B9304EF}.Debug|Any CPU.Build.0 = Debug|Any CPU
		{F9E104BC-19D4-490E-9F63-A86F0B9304EF}.Release|Any CPU.ActiveCfg = Release|Any CPU
		{F9E104BC-19D4-490E-9F63-A86F0B9304EF}.Release|Any CPU.Build.0 = Release|Any CPU
		{2FE3A34F-5089-4667-A5C7-4129634E0CB3}.Debug|Any CPU.ActiveCfg = Debug|Any CPU
		{2FE3A34F-5089-4667-A5C7-4129634E0CB3}.Debug|Any CPU.Build.0 = Debug|Any CPU
		{2FE3A34F-5089-4667-A5C7-4129634E0CB3}.Release|Any CPU.ActiveCfg = Release|Any CPU
		{2FE3A34F-5089-4667-A5C7-4129634E0CB3}.Release|Any CPU.Build.0 = Release|Any CPU
		{68A66F28-14F0-48F3-8670-3117528A7752}.Debug|Any CPU.ActiveCfg = Debug|Any CPU
		{68A66F28-14F0-48F3-8670-3117528A7752}.Debug|Any CPU.Build.0 = Debug|Any CPU
		{68A66F28-14F0-48F3-8670-3117528A7752}.Release|Any CPU.ActiveCfg = Release|Any CPU
		{68A66F28-14F0-48F3-8670-3117528A7752}.Release|Any CPU.Build.0 = Release|Any CPU
		{C076CE22-B828-4290-A42D-BB9849E8B4A1}.Debug|Any CPU.ActiveCfg = Debug|Any CPU
		{C076CE22-B828-4290-A42D-BB9849E8B4A1}.Debug|Any CPU.Build.0 = Debug|Any CPU
		{C076CE22-B828-4290-A42D-BB9849E8B4A1}.Release|Any CPU.ActiveCfg = Release|Any CPU
		{C076CE22-B828-4290-A42D-BB9849E8B4A1}.Release|Any CPU.Build.0 = Release|Any CPU
		{855042E6-B3AC-4CB2-95EF-5E320D1F5082}.Debug|Any CPU.ActiveCfg = Debug|Any CPU
		{855042E6-B3AC-4CB2-95EF-5E320D1F5082}.Debug|Any CPU.Build.0 = Debug|Any CPU
		{855042E6-B3AC-4CB2-95EF-5E320D1F5082}.Release|Any CPU.ActiveCfg = Release|Any CPU
		{855042E6-B3AC-4CB2-95EF-5E320D1F5082}.Release|Any CPU.Build.0 = Release|Any CPU
		{E618F01B-EDC2-441A-99B6-9B3DEA4C3204}.Debug|Any CPU.ActiveCfg = Debug|Any CPU
		{E618F01B-EDC2-441A-99B6-9B3DEA4C3204}.Debug|Any CPU.Build.0 = Debug|Any CPU
		{E618F01B-EDC2-441A-99B6-9B3DEA4C3204}.Release|Any CPU.ActiveCfg = Release|Any CPU
		{E618F01B-EDC2-441A-99B6-9B3DEA4C3204}.Release|Any CPU.Build.0 = Release|Any CPU
		{1B0A1DCF-2049-4AFE-A13B-073D615B6442}.Debug|Any CPU.ActiveCfg = Debug|Any CPU
		{1B0A1DCF-2049-4AFE-A13B-073D615B6442}.Debug|Any CPU.Build.0 = Debug|Any CPU
		{1B0A1DCF-2049-4AFE-A13B-073D615B6442}.Release|Any CPU.ActiveCfg = Release|Any CPU
		{1B0A1DCF-2049-4AFE-A13B-073D615B6442}.Release|Any CPU.Build.0 = Release|Any CPU
		{6C2FE45A-A890-46F6-BBFB-B97E49E52C7A}.Debug|Any CPU.ActiveCfg = Debug|Any CPU
		{6C2FE45A-A890-46F6-BBFB-B97E49E52C7A}.Debug|Any CPU.Build.0 = Debug|Any CPU
		{6C2FE45A-A890-46F6-BBFB-B97E49E52C7A}.Release|Any CPU.ActiveCfg = Release|Any CPU
		{6C2FE45A-A890-46F6-BBFB-B97E49E52C7A}.Release|Any CPU.Build.0 = Release|Any CPU
		{E5B91826-4FBF-4C23-BDBB-5A71B1E780AE}.Debug|Any CPU.ActiveCfg = Debug|Any CPU
		{E5B91826-4FBF-4C23-BDBB-5A71B1E780AE}.Debug|Any CPU.Build.0 = Debug|Any CPU
		{E5B91826-4FBF-4C23-BDBB-5A71B1E780AE}.Release|Any CPU.ActiveCfg = Release|Any CPU
		{E5B91826-4FBF-4C23-BDBB-5A71B1E780AE}.Release|Any CPU.Build.0 = Release|Any CPU
		{1CDE3BCC-CBEC-477A-A3C0-45AE3F035B9D}.Debug|Any CPU.ActiveCfg = Debug|Any CPU
		{1CDE3BCC-CBEC-477A-A3C0-45AE3F035B9D}.Debug|Any CPU.Build.0 = Debug|Any CPU
		{1CDE3BCC-CBEC-477A-A3C0-45AE3F035B9D}.Release|Any CPU.ActiveCfg = Release|Any CPU
		{1CDE3BCC-CBEC-477A-A3C0-45AE3F035B9D}.Release|Any CPU.Build.0 = Release|Any CPU
		{D63E103F-4866-4DA8-AC74-E1F3400F290A}.Debug|Any CPU.ActiveCfg = Debug|Any CPU
		{D63E103F-4866-4DA8-AC74-E1F3400F290A}.Debug|Any CPU.Build.0 = Debug|Any CPU
		{D63E103F-4866-4DA8-AC74-E1F3400F290A}.Release|Any CPU.ActiveCfg = Release|Any CPU
		{D63E103F-4866-4DA8-AC74-E1F3400F290A}.Release|Any CPU.Build.0 = Release|Any CPU
		{6D1B8406-D6A4-422E-B55F-30A76EC0424C}.Debug|Any CPU.ActiveCfg = Debug|Any CPU
		{6D1B8406-D6A4-422E-B55F-30A76EC0424C}.Debug|Any CPU.Build.0 = Debug|Any CPU
		{6D1B8406-D6A4-422E-B55F-30A76EC0424C}.Release|Any CPU.ActiveCfg = Release|Any CPU
		{6D1B8406-D6A4-422E-B55F-30A76EC0424C}.Release|Any CPU.Build.0 = Release|Any CPU
		{136F6960-FBF3-4214-AD4C-2252BBC2C7B9}.Debug|Any CPU.ActiveCfg = Debug|Any CPU
		{136F6960-FBF3-4214-AD4C-2252BBC2C7B9}.Debug|Any CPU.Build.0 = Debug|Any CPU
		{136F6960-FBF3-4214-AD4C-2252BBC2C7B9}.Release|Any CPU.ActiveCfg = Release|Any CPU
		{136F6960-FBF3-4214-AD4C-2252BBC2C7B9}.Release|Any CPU.Build.0 = Release|Any CPU
		{11C55B5F-C05E-4A2B-816A-4E5231712A57}.Debug|Any CPU.ActiveCfg = Debug|Any CPU
		{11C55B5F-C05E-4A2B-816A-4E5231712A57}.Debug|Any CPU.Build.0 = Debug|Any CPU
		{11C55B5F-C05E-4A2B-816A-4E5231712A57}.Release|Any CPU.ActiveCfg = Release|Any CPU
		{11C55B5F-C05E-4A2B-816A-4E5231712A57}.Release|Any CPU.Build.0 = Release|Any CPU
		{CEC05EC2-1320-476B-BB88-BAF89FE21378}.Debug|Any CPU.ActiveCfg = Debug|Any CPU
		{CEC05EC2-1320-476B-BB88-BAF89FE21378}.Debug|Any CPU.Build.0 = Debug|Any CPU
		{CEC05EC2-1320-476B-BB88-BAF89FE21378}.Release|Any CPU.ActiveCfg = Release|Any CPU
		{CEC05EC2-1320-476B-BB88-BAF89FE21378}.Release|Any CPU.Build.0 = Release|Any CPU
		{B36769E5-EF79-437C-B484-77471F44A8D3}.Debug|Any CPU.ActiveCfg = Debug|Any CPU
		{B36769E5-EF79-437C-B484-77471F44A8D3}.Debug|Any CPU.Build.0 = Debug|Any CPU
		{B36769E5-EF79-437C-B484-77471F44A8D3}.Release|Any CPU.ActiveCfg = Release|Any CPU
		{B36769E5-EF79-437C-B484-77471F44A8D3}.Release|Any CPU.Build.0 = Release|Any CPU
		{C12C9ADE-07E1-4AED-8D7F-AC6BD37C9943}.Debug|Any CPU.ActiveCfg = Debug|Any CPU
		{C12C9ADE-07E1-4AED-8D7F-AC6BD37C9943}.Debug|Any CPU.Build.0 = Debug|Any CPU
		{C12C9ADE-07E1-4AED-8D7F-AC6BD37C9943}.Release|Any CPU.ActiveCfg = Release|Any CPU
		{C12C9ADE-07E1-4AED-8D7F-AC6BD37C9943}.Release|Any CPU.Build.0 = Release|Any CPU
		{072FB9A7-1FD5-401C-969B-37DAFDCF10C2}.Debug|Any CPU.ActiveCfg = Debug|Any CPU
		{072FB9A7-1FD5-401C-969B-37DAFDCF10C2}.Debug|Any CPU.Build.0 = Debug|Any CPU
		{072FB9A7-1FD5-401C-969B-37DAFDCF10C2}.Release|Any CPU.ActiveCfg = Release|Any CPU
		{072FB9A7-1FD5-401C-969B-37DAFDCF10C2}.Release|Any CPU.Build.0 = Release|Any CPU
		{06987996-93AA-425A-B389-D9E036DE5FF3}.Debug|Any CPU.ActiveCfg = Debug|Any CPU
		{06987996-93AA-425A-B389-D9E036DE5FF3}.Debug|Any CPU.Build.0 = Debug|Any CPU
		{06987996-93AA-425A-B389-D9E036DE5FF3}.Release|Any CPU.ActiveCfg = Release|Any CPU
		{06987996-93AA-425A-B389-D9E036DE5FF3}.Release|Any CPU.Build.0 = Release|Any CPU
		{082BE38C-8E3E-403F-9534-3EDD4564015D}.Debug|Any CPU.ActiveCfg = Debug|Any CPU
		{082BE38C-8E3E-403F-9534-3EDD4564015D}.Debug|Any CPU.Build.0 = Debug|Any CPU
		{082BE38C-8E3E-403F-9534-3EDD4564015D}.Release|Any CPU.ActiveCfg = Release|Any CPU
		{082BE38C-8E3E-403F-9534-3EDD4564015D}.Release|Any CPU.Build.0 = Release|Any CPU
		{A1BFDDEC-2D46-4159-A8AC-AB955EDC62E5}.Debug|Any CPU.ActiveCfg = Debug|Any CPU
		{A1BFDDEC-2D46-4159-A8AC-AB955EDC62E5}.Debug|Any CPU.Build.0 = Debug|Any CPU
		{A1BFDDEC-2D46-4159-A8AC-AB955EDC62E5}.Release|Any CPU.ActiveCfg = Release|Any CPU
		{A1BFDDEC-2D46-4159-A8AC-AB955EDC62E5}.Release|Any CPU.Build.0 = Release|Any CPU
	EndGlobalSection
	GlobalSection(SolutionProperties) = preSolution
		HideSolutionNode = FALSE
	EndGlobalSection
	GlobalSection(NestedProjects) = preSolution
		{57B17BF1-0C4F-4CBF-9BA7-C1C9DC3336E1} = {4FEE4E5E-628A-40B0-B64F-42825301AF1A}
		{5DFE3CFB-1761-40C9-8105-F1FB4CBC7A8F} = {310120B3-0458-465D-B8C7-89E4A00D5614}
		{4D44D80A-6C30-441E-9E92-B582160EB94B} = {58796564-E797-42A0-8F9C-8071F3147D3C}
		{1CD021FC-8A6F-4B17-AF95-E364FFC6B1F3} = {4FEE4E5E-628A-40B0-B64F-42825301AF1A}
		{FBCAC032-477A-4B69-8D98-9F48A22C1AFC} = {4FEE4E5E-628A-40B0-B64F-42825301AF1A}
		{D6923471-B254-4E52-876A-E2F60F975640} = {4FEE4E5E-628A-40B0-B64F-42825301AF1A}
		{B21550F5-95E7-4AA4-8098-08524BF3BDE3} = {4FEE4E5E-628A-40B0-B64F-42825301AF1A}
		{14F1234A-BBC1-4B07-80F9-1DC8ED6A2F4B} = {4FEE4E5E-628A-40B0-B64F-42825301AF1A}
		{651A9A34-565A-4EAF-9B4C-70CD81857EE3} = {4FEE4E5E-628A-40B0-B64F-42825301AF1A}
		{B9037489-FE31-494E-A46E-E827FD52BF42} = {310120B3-0458-465D-B8C7-89E4A00D5614}
		{08E317B1-379A-47FA-86CA-44ED432CDE85} = {310120B3-0458-465D-B8C7-89E4A00D5614}
		{AC3BE465-6052-4A70-9436-36C259D659BD} = {310120B3-0458-465D-B8C7-89E4A00D5614}
		{71A30A7C-1BA4-435C-9352-15FCD6B6F137} = {310120B3-0458-465D-B8C7-89E4A00D5614}
		{D862C46D-40C3-4CEA-9AA1-75522F8274B8} = {310120B3-0458-465D-B8C7-89E4A00D5614}
		{2AC67D04-C0D6-4A65-B602-D54B4A9C4CA7} = {310120B3-0458-465D-B8C7-89E4A00D5614}
		{F9E104BC-19D4-490E-9F63-A86F0B9304EF} = {58796564-E797-42A0-8F9C-8071F3147D3C}
		{2FE3A34F-5089-4667-A5C7-4129634E0CB3} = {58796564-E797-42A0-8F9C-8071F3147D3C}
		{68A66F28-14F0-48F3-8670-3117528A7752} = {58796564-E797-42A0-8F9C-8071F3147D3C}
		{C076CE22-B828-4290-A42D-BB9849E8B4A1} = {58796564-E797-42A0-8F9C-8071F3147D3C}
		{855042E6-B3AC-4CB2-95EF-5E320D1F5082} = {58796564-E797-42A0-8F9C-8071F3147D3C}
		{E618F01B-EDC2-441A-99B6-9B3DEA4C3204} = {58796564-E797-42A0-8F9C-8071F3147D3C}
		{1B0A1DCF-2049-4AFE-A13B-073D615B6442} = {49C1398E-04F2-4923-A08A-9C6E3C667550}
		{6C2FE45A-A890-46F6-BBFB-B97E49E52C7A} = {49C1398E-04F2-4923-A08A-9C6E3C667550}
		{E5B91826-4FBF-4C23-BDBB-5A71B1E780AE} = {49C1398E-04F2-4923-A08A-9C6E3C667550}
		{1CDE3BCC-CBEC-477A-A3C0-45AE3F035B9D} = {49C1398E-04F2-4923-A08A-9C6E3C667550}
		{D63E103F-4866-4DA8-AC74-E1F3400F290A} = {49C1398E-04F2-4923-A08A-9C6E3C667550}
		{6D1B8406-D6A4-422E-B55F-30A76EC0424C} = {49C1398E-04F2-4923-A08A-9C6E3C667550}
		{136F6960-FBF3-4214-AD4C-2252BBC2C7B9} = {49C1398E-04F2-4923-A08A-9C6E3C667550}
	EndGlobalSection
	GlobalSection(TeamFoundationVersionControl) = preSolution
		SccNumberOfProjects = 37
		SccEnterpriseProvider = {4CA58AB2-18FA-4F8D-95D4-32DDF27D184C}
		SccTeamFoundationServer = http://hisdevtfs:8080/tfs/his
		SccLocalPath0 = .
		SccProjectUniqueName1 = UI\\HIS.PA.AC.PE.CF.UI\\HIS.PA.AC.PE.CF.UI.csproj
		SccProjectTopLevelParentUniqueName1 = HIS.PA.AC.PE.sln
		SccProjectName1 = UI/HIS.PA.AC.PE.CF.UI
		SccLocalPath1 = UI\\HIS.PA.AC.PE.CF.UI
		SccProjectUniqueName2 = Data\\HIS.PA.AC.PE.CF.DAC\\HIS.PA.AC.PE.CF.DAC.csproj
		SccProjectTopLevelParentUniqueName2 = HIS.PA.AC.PE.sln
		SccProjectName2 = Data/HIS.PA.AC.PE.CF.DAC
		SccLocalPath2 = Data\\HIS.PA.AC.PE.CF.DAC
		SccProjectUniqueName3 = Business\\HIS.PA.AC.PE.CF.BIZ\\HIS.PA.AC.PE.CF.BIZ.csproj
		SccProjectTopLevelParentUniqueName3 = HIS.PA.AC.PE.sln
		SccProjectName3 = Business/HIS.PA.AC.PE.CF.BIZ
		SccLocalPath3 = Business\\HIS.PA.AC.PE.CF.BIZ
		SccProjectUniqueName4 = UI\\HIS.PA.AC.PE.AP.UI\\HIS.PA.AC.PE.AP.UI.csproj
		SccProjectTopLevelParentUniqueName4 = HIS.PA.AC.PE.sln
		SccProjectName4 = UI/HIS.PA.AC.PE.AP.UI
		SccLocalPath4 = UI\\HIS.PA.AC.PE.AP.UI
		SccProjectUniqueName5 = UI\\HIS.PA.AC.PE.CA.UI\\HIS.PA.AC.PE.CA.UI.csproj
		SccProjectTopLevelParentUniqueName5 = HIS.PA.AC.PE.sln
		SccProjectName5 = UI/HIS.PA.AC.PE.CA.UI
		SccLocalPath5 = UI\\HIS.PA.AC.PE.CA.UI
		SccProjectUniqueName6 = UI\\HIS.PA.AC.PE.SC.UI\\HIS.PA.AC.PE.SC.UI.csproj
		SccProjectTopLevelParentUniqueName6 = HIS.PA.AC.PE.sln
		SccProjectName6 = UI/HIS.PA.AC.PE.SC.UI
		SccLocalPath6 = UI\\HIS.PA.AC.PE.SC.UI
		SccProjectUniqueName7 = UI\\HIS.PA.AC.PE.TE.UI\\HIS.PA.AC.PE.TE.UI.csproj
		SccProjectTopLevelParentUniqueName7 = HIS.PA.AC.PE.sln
		SccProjectName7 = UI/HIS.PA.AC.PE.TE.UI
		SccLocalPath7 = UI\\HIS.PA.AC.PE.TE.UI
		SccProjectUniqueName8 = UI\\HIS.PA.AC.PE.WD.UI\\HIS.PA.AC.PE.WD.UI.csproj
		SccProjectTopLevelParentUniqueName8 = HIS.PA.AC.PE.sln
		SccProjectName8 = UI/HIS.PA.AC.PE.WD.UI
		SccLocalPath8 = UI\\HIS.PA.AC.PE.WD.UI
		SccProjectUniqueName9 = Data\\HIS.PA.AC.PE.AP.DAC\\HIS.PA.AC.PE.AP.DAC.csproj
		SccProjectTopLevelParentUniqueName9 = HIS.PA.AC.PE.sln
		SccProjectName9 = Data/HIS.PA.AC.PE.AP.DAC
		SccLocalPath9 = Data\\HIS.PA.AC.PE.AP.DAC
		SccProjectUniqueName10 = Data\\HIS.PA.AC.PE.CA.DAC\\HIS.PA.AC.PE.CA.DAC.csproj
		SccProjectTopLevelParentUniqueName10 = HIS.PA.AC.PE.sln
		SccProjectName10 = Data/HIS.PA.AC.PE.CA.DAC
		SccLocalPath10 = Data\\HIS.PA.AC.PE.CA.DAC
		SccProjectUniqueName11 = Data\\HIS.PA.AC.PE.PS.DAC\\HIS.PA.AC.PE.PS.DAC.csproj
		SccProjectTopLevelParentUniqueName11 = HIS.PA.AC.PE.sln
		SccProjectName11 = Data/HIS.PA.AC.PE.PS.DAC
		SccLocalPath11 = Data\\HIS.PA.AC.PE.PS.DAC
		SccProjectUniqueName12 = Data\\HIS.PA.AC.PE.SC.DAC\\HIS.PA.AC.PE.SC.DAC.csproj
		SccProjectTopLevelParentUniqueName12 = HIS.PA.AC.PE.sln
		SccProjectName12 = Data/HIS.PA.AC.PE.SC.DAC
		SccLocalPath12 = Data\\HIS.PA.AC.PE.SC.DAC
		SccProjectUniqueName13 = Data\\HIS.PA.AC.PE.TE.DAC\\HIS.PA.AC.PE.TE.DAC.csproj
		SccProjectTopLevelParentUniqueName13 = HIS.PA.AC.PE.sln
		SccProjectName13 = Data/HIS.PA.AC.PE.TE.DAC
		SccLocalPath13 = Data\\HIS.PA.AC.PE.TE.DAC
		SccProjectUniqueName14 = Data\\HIS.PA.AC.PE.WD.DAC\\HIS.PA.AC.PE.WD.DAC.csproj
		SccProjectTopLevelParentUniqueName14 = HIS.PA.AC.PE.sln
		SccProjectName14 = Data/HIS.PA.AC.PE.WD.DAC
		SccLocalPath14 = Data\\HIS.PA.AC.PE.WD.DAC
		SccProjectUniqueName15 = Business\\HIS.PA.AC.PE.AP.BIZ\\HIS.PA.AC.PE.AP.BIZ.csproj
		SccProjectTopLevelParentUniqueName15 = HIS.PA.AC.PE.sln
		SccProjectName15 = Business/HIS.PA.AC.PE.AP.BIZ
		SccLocalPath15 = Business\\HIS.PA.AC.PE.AP.BIZ
		SccProjectUniqueName16 = Business\\HIS.PA.AC.PE.CA.BIZ\\HIS.PA.AC.PE.CA.BIZ.csproj
		SccProjectTopLevelParentUniqueName16 = HIS.PA.AC.PE.sln
		SccProjectName16 = Business/HIS.PA.AC.PE.CA.BIZ
		SccLocalPath16 = Business\\HIS.PA.AC.PE.CA.BIZ
		SccProjectUniqueName17 = Business\\HIS.PA.AC.PE.PS.BIZ\\HIS.PA.AC.PE.PS.BIZ.csproj
		SccProjectTopLevelParentUniqueName17 = HIS.PA.AC.PE.sln
		SccProjectName17 = Business/HIS.PA.AC.PE.PS.BIZ
		SccLocalPath17 = Business\\HIS.PA.AC.PE.PS.BIZ
		SccProjectUniqueName18 = Business\\HIS.PA.AC.PE.SC.BIZ\\HIS.PA.AC.PE.SC.BIZ.csproj
		SccProjectTopLevelParentUniqueName18 = HIS.PA.AC.PE.sln
		SccProjectName18 = Business/HIS.PA.AC.PE.SC.BIZ
		SccLocalPath18 = Business\\HIS.PA.AC.PE.SC.BIZ
		SccProjectUniqueName19 = Business\\HIS.PA.AC.PE.TE.BIZ\\HIS.PA.AC.PE.TE.BIZ.csproj
		SccProjectTopLevelParentUniqueName19 = HIS.PA.AC.PE.sln
		SccProjectName19 = Business/HIS.PA.AC.PE.TE.BIZ
		SccLocalPath19 = Business\\HIS.PA.AC.PE.TE.BIZ
		SccProjectUniqueName20 = Business\\HIS.PA.AC.PE.WD.BIZ\\HIS.PA.AC.PE.WD.BIZ.csproj
		SccProjectTopLevelParentUniqueName20 = HIS.PA.AC.PE.sln
		SccProjectName20 = Business/HIS.PA.AC.PE.WD.BIZ
		SccLocalPath20 = Business\\HIS.PA.AC.PE.WD.BIZ
		SccProjectUniqueName21 = UI\\HIS.PA.AC.PE.PS.UI\\HIS.PA.AC.PE.PS.UI.csproj
		SccProjectTopLevelParentUniqueName21 = HIS.PA.AC.PE.sln
		SccProjectName21 = UI/HIS.PA.AC.PE.PS.UI
		SccLocalPath21 = UI\\HIS.PA.AC.PE.PS.UI
		SccProjectUniqueName22 = DTO\\HIS.PA.AC.PE.AP.DTO\\HIS.PA.AC.PE.AP.DTO.csproj
		SccProjectTopLevelParentUniqueName22 = HIS.PA.AC.PE.sln
		SccProjectName22 = DTO/HIS.PA.AC.PE.AP.DTO
		SccLocalPath22 = DTO\\HIS.PA.AC.PE.AP.DTO
		SccProjectUniqueName23 = DTO\\HIS.PA.AC.PE.CA.DTO\\HIS.PA.AC.PE.CA.DTO.csproj
		SccProjectTopLevelParentUniqueName23 = HIS.PA.AC.PE.sln
		SccProjectName23 = DTO/HIS.PA.AC.PE.CA.DTO
		SccLocalPath23 = DTO\\HIS.PA.AC.PE.CA.DTO
		SccProjectUniqueName24 = DTO\\HIS.PA.AC.PE.CF.DTO\\HIS.PA.AC.PE.CF.DTO.csproj
		SccProjectTopLevelParentUniqueName24 = HIS.PA.AC.PE.sln
		SccProjectName24 = DTO/HIS.PA.AC.PE.CF.DTO
		SccLocalPath24 = DTO\\HIS.PA.AC.PE.CF.DTO
		SccProjectUniqueName25 = DTO\\HIS.PA.AC.PE.PS.DTO\\HIS.PA.AC.PE.PS.DTO.csproj
		SccProjectTopLevelParentUniqueName25 = HIS.PA.AC.PE.sln
		SccProjectName25 = DTO/HIS.PA.AC.PE.PS.DTO
		SccLocalPath25 = DTO\\HIS.PA.AC.PE.PS.DTO
		SccProjectUniqueName26 = DTO\\HIS.PA.AC.PE.SC.DTO\\HIS.PA.AC.PE.SC.DTO.csproj
		SccProjectTopLevelParentUniqueName26 = HIS.PA.AC.PE.sln
		SccProjectName26 = DTO/HIS.PA.AC.PE.SC.DTO
		SccLocalPath26 = DTO\\HIS.PA.AC.PE.SC.DTO
		SccProjectUniqueName27 = DTO\\HIS.PA.AC.PE.WD.DTO\\HIS.PA.AC.PE.WD.DTO.csproj
		SccProjectTopLevelParentUniqueName27 = HIS.PA.AC.PE.sln
		SccProjectName27 = DTO/HIS.PA.AC.PE.WD.DTO
		SccLocalPath27 = DTO\\HIS.PA.AC.PE.WD.DTO
		SccProjectUniqueName28 = DTO\\HIS.PA.AC.PE.TE.DTO\\HIS.PA.AC.PE.TE.DTO.csproj
		SccProjectTopLevelParentUniqueName28 = HIS.PA.AC.PE.sln
		SccProjectName28 = DTO/HIS.PA.AC.PE.TE.DTO
		SccLocalPath28 = DTO\\HIS.PA.AC.PE.TE.DTO
		SccProjectUniqueName29 = HIS.PA.AC.PE.Main.UI\\HIS.PA.AC.PE.Main.UI.csproj
		SccProjectName29 = HIS.PA.AC.PE.Main.UI
		SccLocalPath29 = HIS.PA.AC.PE.Main.UI
		SccProjectUniqueName30 = ElectronicDisplay\\ElectronicDisplay.csproj
		SccProjectName30 = ElectronicDisplay
		SccLocalPath30 = ElectronicDisplay
		SccProjectUniqueName31 = SelectElectronicDisplay_ARM\\SelectElectronicDisplay_ARM.csproj
		SccProjectName31 = SelectElectronicDisplay_ARM
		SccLocalPath31 = SelectElectronicDisplay_ARM
		SccProjectUniqueName32 = SelectElectronicDisplay_CHL\\SelectElectronicDisplay_CHL.csproj
		SccProjectName32 = SelectElectronicDisplay_CHL
		SccLocalPath32 = SelectElectronicDisplay_CHL
		SccProjectUniqueName33 = SelectElectronicDisplay_TNN\\SelectElectronicDisplay_TNN.csproj
		SccProjectName33 = SelectElectronicDisplay_TNN
		SccLocalPath33 = SelectElectronicDisplay_TNN
		SccProjectUniqueName34 = SelectElectronicDisplay_OTS\\SelectElectronicDisplay_OTS.csproj
		SccProjectName34 = SelectElectronicDisplay_OTS
		SccLocalPath34 = SelectElectronicDisplay_OTS
		SccProjectUniqueName35 = SelectElectronicDisplay_MAIN\\SelectElectronicDisplay_MAIN.csproj
		SccProjectName35 = SelectElectronicDisplay_MAIN
		SccLocalPath35 = SelectElectronicDisplay_MAIN
		SccProjectUniqueName36 = HIS.AC.REFER\\HIS.AC.REFER.csproj
		SccProjectName36 = HIS.AC.REFER
		SccLocalPath36 = HIS.AC.REFER
	EndGlobalSection
EndGlobal
